
Microsoft Visual Studio Solution File, Format Version 12.00
# Visual Studio Version 16
VisualStudioVersion = 16.0.28803.452
MinimumVisualStudioVersion = 10.0.40219.1
Project("{FAE04EC0-301F-11D3-BF4B-00C04F79EFBC}") = "ProjectManamgementWinApp", "ProjectManamgementWinApp\ProjectManamgementWinApp.csproj", "{A0A2F289-ADDC-4448-88B2-66A6271D143D}"
EndProject
Project("{FAE04EC0-301F-11D3-BF4B-00C04F79EFBC}") = "ProjectsBoard", "..\..\ProjectsBoardLib\ProjectsBoard\ProjectsBoard.csproj", "{1D6ED756-20D2-4FF8-A13F-54CFEBDC57D7}"
EndProject
Global
	GlobalSection(SolutionConfigurationPlatforms) = preSolution
		Debug|Any CPU = Debug|Any CPU
		Release|Any CPU = Release|Any CPU
	EndGlobalSection
	GlobalSection(ProjectConfigurationPlatforms) = postSolution
		{A0A2F289-ADDC-4448-88B2-66A6271D143D}.Debug|Any CPU.ActiveCfg = Debug|Any CPU
		{A0A2F289-ADDC-4448-88B2-66A6271D143D}.Debug|Any CPU.Build.0 = Debug|Any CPU
		{A0A2F289-ADDC-4448-88B2-66A6271D143D}.Release|Any CPU.ActiveCfg = Release|Any CPU
		{A0A2F289-ADDC-4448-88B2-66A6271D143D}.Release|Any CPU.Build.0 = Release|Any CPU
		{1D6ED756-20D2-4FF8-A13F-54CFEBDC57D7}.Debug|Any CPU.ActiveCfg = Debug|Any CPU
		{1D6ED756-20D2-4FF8-A13F-54CFEBDC57D7}.Debug|Any CPU.Build.0 = Debug|Any CPU
		{1D6ED756-20D2-4FF8-A13F-54CFEBDC57D7}.Release|Any CPU.ActiveCfg = Release|Any CPU
		{1D6ED756-20D2-4FF8-A13F-54CFEBDC57D7}.Release|Any CPU.Build.0 = Release|Any CPU
	EndGlobalSection
	GlobalSection(SolutionProperties) = preSolution
		HideSolutionNode = FALSE
	EndGlobalSection
	GlobalSection(ExtensibilityGlobals) = postSolution
		SolutionGuid = {684F7FD6-A8D4-4815-9805-121DFBE7AF18}
	EndGlobalSection
EndGlobal
