
Microsoft Visual Studio Solution File, Format Version 12.00
# Visual Studio Version 16
VisualStudioVersion = 16.0.28803.452
MinimumVisualStudioVersion = 10.0.40219.1
Project("{FAE04EC0-301F-11D3-BF4B-00C04F79EFBC}") = "ProjectManamgementWinApp", "ProjectManamgementWinApp\ProjectManamgementWinApp.csproj", "{A0A2F289-ADDC-4448-88B2-66A6271D143D}"
EndProject
Project("{9A19103F-16F7-4668-BE54-9A1E7A4F7556}") = "ProjectsBoard", "ProjectsBoardLib\ProjectsBoard\ProjectsBoard.csproj", "{250E7A19-052B-475B-97F0-A58C9D967964}"
EndProject
Global
	GlobalSection(SolutionConfigurationPlatforms) = preSolution
		Debug|Any CPU = Debug|Any CPU
		Release|Any CPU = Release|Any CPU
	EndGlobalSection
	GlobalSection(ProjectConfigurationPlatforms) = postSolution
		{A0A2F289-ADDC-4448-88B2-66A6271D143D}.Debug|Any CPU.ActiveCfg = Debug|Any CPU
		{A0A2F289-ADDC-4448-88B2-66A6271D143D}.Debug|Any CPU.Build.0 = Debug|Any CPU
		{A0A2F289-ADDC-4448-88B2-66A6271D143D}.Release|Any CPU.ActiveCfg = Release|Any CPU
		{A0A2F289-ADDC-4448-88B2-66A6271D143D}.Release|Any CPU.Build.0 = Release|Any CPU
		{250E7A19-052B-475B-97F0-A58C9D967964}.Debug|Any CPU.ActiveCfg = Debug|Any CPU
		{250E7A19-052B-475B-97F0-A58C9D967964}.Debug|Any CPU.Build.0 = Debug|Any CPU
		{250E7A19-052B-475B-97F0-A58C9D967964}.Release|Any CPU.ActiveCfg = Release|Any CPU
		{250E7A19-052B-475B-97F0-A58C9D967964}.Release|Any CPU.Build.0 = Release|Any CPU
	EndGlobalSection
	GlobalSection(SolutionProperties) = preSolution
		HideSolutionNode = FALSE
	EndGlobalSection
	GlobalSection(ExtensibilityGlobals) = postSolution
		SolutionGuid = {684F7FD6-A8D4-4815-9805-121DFBE7AF18}
	EndGlobalSection
EndGlobal
